
Microsoft Visual Studio Solution File, Format Version 12.00
# Visual Studio Version 17
VisualStudioVersion = 17.10.34928.147
MinimumVisualStudioVersion = 10.0.40219.1
Project("{FAE04EC0-301F-11D3-BF4B-00C04F79EFBC}") = "Calculate", "Calculate\Calculate.csproj", "{70BAA7CD-B32B-4F21-99DD-FCF1D9584497}"
EndProject
Global
	GlobalSection(SolutionConfigurationPlatforms) = preSolution
		Debug|Any CPU = Debug|Any CPU
		Release|Any CPU = Release|Any CPU
	EndGlobalSection
	GlobalSection(ProjectConfigurationPlatforms) = postSolution
		{70BAA7CD-B32B-4F21-99DD-FCF1D9584497}.Debug|Any CPU.ActiveCfg = Debug|Any CPU
		{70BAA7CD-B32B-4F21-99DD-FCF1D9584497}.Debug|Any CPU.Build.0 = Debug|Any CPU
		{70BAA7CD-B32B-4F21-99DD-FCF1D9584497}.Release|Any CPU.ActiveCfg = Release|Any CPU
		{70BAA7CD-B32B-4F21-99DD-FCF1D9584497}.Release|Any CPU.Build.0 = Release|Any CPU
	EndGlobalSection
	GlobalSection(SolutionProperties) = preSolution
		HideSolutionNode = FALSE
	EndGlobalSection
	GlobalSection(ExtensibilityGlobals) = postSolution
		SolutionGuid = {E348228B-5F69-47CD-A892-A9FE5D6B11DE}
	EndGlobalSection
EndGlobal
